
Microsoft Visual Studio Solution File, Format Version 12.00
# Visual Studio Version 17
VisualStudioVersion = 17.7.34024.191
MinimumVisualStudioVersion = 10.0.40219.1
Project("{FAE04EC0-301F-11D3-BF4B-00C04F79EFBC}") = "IdentityApi", "IdentityApi.csproj", "{B2458CC3-2845-48FE-8276-901398696EE9}"
EndProject
Global
	GlobalSection(SolutionConfigurationPlatforms) = preSolution
		Debug|Any CPU = Debug|Any CPU
		Release|Any CPU = Release|Any CPU
	EndGlobalSection
	GlobalSection(ProjectConfigurationPlatforms) = postSolution
		{B2458CC3-2845-48FE-8276-901398696EE9}.Debug|Any CPU.ActiveCfg = Debug|Any CPU
		{B2458CC3-2845-48FE-8276-901398696EE9}.Debug|Any CPU.Build.0 = Debug|Any CPU
		{B2458CC3-2845-48FE-8276-901398696EE9}.Release|Any CPU.ActiveCfg = Release|Any CPU
		{B2458CC3-2845-48FE-8276-901398696EE9}.Release|Any CPU.Build.0 = Release|Any CPU
	EndGlobalSection
	GlobalSection(SolutionProperties) = preSolution
		HideSolutionNode = FALSE
	EndGlobalSection
	GlobalSection(ExtensibilityGlobals) = postSolution
		SolutionGuid = {F17C4D03-0D7B-49EC-B20D-D1B1BC03ACDC}
	EndGlobalSection
EndGlobal
